
Microsoft Visual Studio Solution File, Format Version 12.00
# Visual Studio Version 16
VisualStudioVersion = 16.0.29709.97
MinimumVisualStudioVersion = 10.0.40219.1
Project("{FAE04EC0-301F-11D3-BF4B-00C04F79EFBC}") = "HW5_MapApp.Android", "HW5_MapApp.Android\HW5_MapApp.Android.csproj", "{FAB816F9-CD55-49FB-8D24-6312AF4047C7}"
EndProject
Project("{FAE04EC0-301F-11D3-BF4B-00C04F79EFBC}") = "HW5_MapApp.iOS", "HW5_MapApp.iOS\HW5_MapApp.iOS.csproj", "{4C38F7C6-B333-4516-A178-F1F2201E8841}"
EndProject
Project("{FAE04EC0-301F-11D3-BF4B-00C04F79EFBC}") = "HW5_MapApp", "HW5_MapApp\HW5_MapApp.csproj", "{BEBF534E-4D1D-4A85-B523-1A370BF3E804}"
EndProject
Global
	GlobalSection(SolutionConfigurationPlatforms) = preSolution
		Debug|Any CPU = Debug|Any CPU
		Debug|iPhone = Debug|iPhone
		Debug|iPhoneSimulator = Debug|iPhoneSimulator
		Release|Any CPU = Release|Any CPU
		Release|iPhone = Release|iPhone
		Release|iPhoneSimulator = Release|iPhoneSimulator
	EndGlobalSection
	GlobalSection(ProjectConfigurationPlatforms) = postSolution
		{FAB816F9-CD55-49FB-8D24-6312AF4047C7}.Debug|Any CPU.ActiveCfg = Debug|Any CPU
		{FAB816F9-CD55-49FB-8D24-6312AF4047C7}.Debug|Any CPU.Build.0 = Debug|Any CPU
		{FAB816F9-CD55-49FB-8D24-6312AF4047C7}.Debug|Any CPU.Deploy.0 = Debug|Any CPU
		{FAB816F9-CD55-49FB-8D24-6312AF4047C7}.Debug|iPhone.ActiveCfg = Debug|Any CPU
		{FAB816F9-CD55-49FB-8D24-6312AF4047C7}.Debug|iPhone.Build.0 = Debug|Any CPU
		{FAB816F9-CD55-49FB-8D24-6312AF4047C7}.Debug|iPhone.Deploy.0 = Debug|Any CPU
		{FAB816F9-CD55-49FB-8D24-6312AF4047C7}.Debug|iPhoneSimulator.ActiveCfg = Debug|Any CPU
		{FAB816F9-CD55-49FB-8D24-6312AF4047C7}.Debug|iPhoneSimulator.Build.0 = Debug|Any CPU
		{FAB816F9-CD55-49FB-8D24-6312AF4047C7}.Debug|iPhoneSimulator.Deploy.0 = Debug|Any CPU
		{FAB816F9-CD55-49FB-8D24-6312AF4047C7}.Release|Any CPU.ActiveCfg = Release|Any CPU
		{FAB816F9-CD55-49FB-8D24-6312AF4047C7}.Release|Any CPU.Build.0 = Release|Any CPU
		{FAB816F9-CD55-49FB-8D24-6312AF4047C7}.Release|Any CPU.Deploy.0 = Release|Any CPU
		{FAB816F9-CD55-49FB-8D24-6312AF4047C7}.Release|iPhone.ActiveCfg = Release|Any CPU
		{FAB816F9-CD55-49FB-8D24-6312AF4047C7}.Release|iPhone.Build.0 = Release|Any CPU
		{FAB816F9-CD55-49FB-8D24-6312AF4047C7}.Release|iPhone.Deploy.0 = Release|Any CPU
		{FAB816F9-CD55-49FB-8D24-6312AF4047C7}.Release|iPhoneSimulator.ActiveCfg = Release|Any CPU
		{FAB816F9-CD55-49FB-8D24-6312AF4047C7}.Release|iPhoneSimulator.Build.0 = Release|Any CPU
		{FAB816F9-CD55-49FB-8D24-6312AF4047C7}.Release|iPhoneSimulator.Deploy.0 = Release|Any CPU
		{4C38F7C6-B333-4516-A178-F1F2201E8841}.Debug|Any CPU.ActiveCfg = Debug|iPhoneSimulator
		{4C38F7C6-B333-4516-A178-F1F2201E8841}.Debug|Any CPU.Build.0 = Debug|iPhoneSimulator
		{4C38F7C6-B333-4516-A178-F1F2201E8841}.Debug|Any CPU.Deploy.0 = Debug|iPhoneSimulator
		{4C38F7C6-B333-4516-A178-F1F2201E8841}.Debug|iPhone.ActiveCfg = Debug|iPhone
		{4C38F7C6-B333-4516-A178-F1F2201E8841}.Debug|iPhone.Build.0 = Debug|iPhone
		{4C38F7C6-B333-4516-A178-F1F2201E8841}.Debug|iPhone.Deploy.0 = Debug|iPhone
		{4C38F7C6-B333-4516-A178-F1F2201E8841}.Debug|iPhoneSimulator.ActiveCfg = Debug|iPhoneSimulator
		{4C38F7C6-B333-4516-A178-F1F2201E8841}.Debug|iPhoneSimulator.Build.0 = Debug|iPhoneSimulator
		{4C38F7C6-B333-4516-A178-F1F2201E8841}.Debug|iPhoneSimulator.Deploy.0 = Debug|iPhoneSimulator
		{4C38F7C6-B333-4516-A178-F1F2201E8841}.Release|Any CPU.ActiveCfg = Release|iPhone
		{4C38F7C6-B333-4516-A178-F1F2201E8841}.Release|Any CPU.Build.0 = Release|iPhone
		{4C38F7C6-B333-4516-A178-F1F2201E8841}.Release|Any CPU.Deploy.0 = Release|iPhone
		{4C38F7C6-B333-4516-A178-F1F2201E8841}.Release|iPhone.ActiveCfg = Release|iPhone
		{4C38F7C6-B333-4516-A178-F1F2201E8841}.Release|iPhone.Build.0 = Release|iPhone
		{4C38F7C6-B333-4516-A178-F1F2201E8841}.Release|iPhone.Deploy.0 = Release|iPhone
		{4C38F7C6-B333-4516-A178-F1F2201E8841}.Release|iPhoneSimulator.ActiveCfg = Release|iPhoneSimulator
		{4C38F7C6-B333-4516-A178-F1F2201E8841}.Release|iPhoneSimulator.Build.0 = Release|iPhoneSimulator
		{4C38F7C6-B333-4516-A178-F1F2201E8841}.Release|iPhoneSimulator.Deploy.0 = Release|iPhoneSimulator
		{BEBF534E-4D1D-4A85-B523-1A370BF3E804}.Debug|Any CPU.ActiveCfg = Debug|Any CPU
		{BEBF534E-4D1D-4A85-B523-1A370BF3E804}.Debug|Any CPU.Build.0 = Debug|Any CPU
		{BEBF534E-4D1D-4A85-B523-1A370BF3E804}.Debug|Any CPU.Deploy.0 = Debug|Any CPU
		{BEBF534E-4D1D-4A85-B523-1A370BF3E804}.Debug|iPhone.ActiveCfg = Debug|Any CPU
		{BEBF534E-4D1D-4A85-B523-1A370BF3E804}.Debug|iPhone.Build.0 = Debug|Any CPU
		{BEBF534E-4D1D-4A85-B523-1A370BF3E804}.Debug|iPhone.Deploy.0 = Debug|Any CPU
		{BEBF534E-4D1D-4A85-B523-1A370BF3E804}.Debug|iPhoneSimulator.ActiveCfg = Debug|Any CPU
		{BEBF534E-4D1D-4A85-B523-1A370BF3E804}.Debug|iPhoneSimulator.Build.0 = Debug|Any CPU
		{BEBF534E-4D1D-4A85-B523-1A370BF3E804}.Debug|iPhoneSimulator.Deploy.0 = Debug|Any CPU
		{BEBF534E-4D1D-4A85-B523-1A370BF3E804}.Release|Any CPU.ActiveCfg = Release|Any CPU
		{BEBF534E-4D1D-4A85-B523-1A370BF3E804}.Release|Any CPU.Build.0 = Release|Any CPU
		{BEBF534E-4D1D-4A85-B523-1A370BF3E804}.Release|Any CPU.Deploy.0 = Release|Any CPU
		{BEBF534E-4D1D-4A85-B523-1A370BF3E804}.Release|iPhone.ActiveCfg = Release|Any CPU
		{BEBF534E-4D1D-4A85-B523-1A370BF3E804}.Release|iPhone.Build.0 = Release|Any CPU
		{BEBF534E-4D1D-4A85-B523-1A370BF3E804}.Release|iPhone.Deploy.0 = Release|Any CPU
		{BEBF534E-4D1D-4A85-B523-1A370BF3E804}.Release|iPhoneSimulator.ActiveCfg = Release|Any CPU
		{BEBF534E-4D1D-4A85-B523-1A370BF3E804}.Release|iPhoneSimulator.Build.0 = Release|Any CPU
		{BEBF534E-4D1D-4A85-B523-1A370BF3E804}.Release|iPhoneSimulator.Deploy.0 = Release|Any CPU
	EndGlobalSection
	GlobalSection(SolutionProperties) = preSolution
		HideSolutionNode = FALSE
	EndGlobalSection
	GlobalSection(ExtensibilityGlobals) = postSolution
		SolutionGuid = {C9432B0B-CAB4-47B0-A5A7-3BD48FC8774C}
	EndGlobalSection
EndGlobal
